<?xml version="1.0" encoding="utf-8"?>
<Project ToolsVersion="4.0" xmlns="http://schemas.microsoft.com/developer/msbuild/2003">
  <ItemGroup>
    <Filter Include="Source Files">
      <UniqueIdentifier>{4FC737F1-C7A5-4376-A066-2A32D752A2FF}</UniqueIdentifier>
      <Extensions>cpp;c;cc;cxx;def;odl;idl;hpj;bat;asm;asmx</Extensions>
    </Filter>
    <Filter Include="Header Files">
      <UniqueIdentifier>{93995380-89BD-4b04-88EB-625FBE52EBFB}</UniqueIdentifier>
      <Extensions>h;hpp;hxx;hm;inl;inc;xsd</Extensions>
    </Filter>
    <Filter Include="Resource Files">
      <UniqueIdentifier>{67DA6AB6-F800-4c08-8B7A-83BB121AAD01}</UniqueIdentifier>
      <Extensions>rc;ico;cur;bmp;dlg;rc2;rct;bin;rgs;gif;jpg;jpeg;jpe;resx;tiff;tif;png;wav</Extensions>
    </Filter>
  </ItemGroup>
  <ItemGroup>
    <ClCompile Include="..\ccmain\adaptions.cpp">
      <Filter>Source Files</Filter>
    </ClCompile>
    <ClCompile Include="..\ccmain\applybox.cpp">
      <Filter>Source Files</Filter>
    </ClCompile>
    <ClCompile Include="..\ccmain\charcut.cpp">
      <Filter>Source Files</Filter>
    </ClCompile>
    <ClCompile Include="..\ccmain\control.cpp">
      <Filter>Source Files</Filter>
    </ClCompile>
    <ClCompile Include="..\ccmain\cube_control.cpp">
      <Filter>Source Files</Filter>
    </ClCompile>
    <ClCompile Include="..\ccmain\cube_reco_context.cpp">
      <Filter>Source Files</Filter>
    </ClCompile>
    <ClCompile Include="..\ccmain\docqual.cpp">
      <Filter>Source Files</Filter>
    </ClCompile>
    <ClCompile Include="..\ccmain\fixspace.cpp">
      <Filter>Source Files</Filter>
    </ClCompile>
    <ClCompile Include="..\ccmain\fixxht.cpp">
      <Filter>Source Files</Filter>
    </ClCompile>
    <ClCompile Include="port\gettimeofday.cpp">
      <Filter>Source Files</Filter>
    </ClCompile>
    <ClCompile Include="..\ccmain\imgscale.cpp">
      <Filter>Source Files</Filter>
    </ClCompile>
    <ClCompile Include="..\ccmain\osdetect.cpp">
      <Filter>Source Files</Filter>
    </ClCompile>
    <ClCompile Include="..\ccmain\output.cpp">
      <Filter>Source Files</Filter>
    </ClCompile>
    <ClCompile Include="..\ccmain\pagesegmain.cpp">
      <Filter>Source Files</Filter>
    </ClCompile>
    <ClCompile Include="..\ccmain\pagewalk.cpp">
      <Filter>Source Files</Filter>
    </ClCompile>
    <ClCompile Include="..\ccmain\paramsd.cpp">
      <Filter>Source Files</Filter>
    </ClCompile>
    <ClCompile Include="..\ccmain\pgedit.cpp">
      <Filter>Source Files</Filter>
    </ClCompile>
    <ClCompile Include="..\ccmain\recogtraining.cpp">
      <Filter>Source Files</Filter>
    </ClCompile>
    <ClCompile Include="..\ccmain\reject.cpp">
      <Filter>Source Files</Filter>
    </ClCompile>
    <ClCompile Include="..\ccmain\scaleimg.cpp">
      <Filter>Source Files</Filter>
    </ClCompile>
    <ClCompile Include="..\ccmain\tessbox.cpp">
      <Filter>Source Files</Filter>
    </ClCompile>
    <ClCompile Include="..\ccmain\tessedit.cpp">
      <Filter>Source Files</Filter>
    </ClCompile>
    <ClCompile Include="..\ccmain\tesseract_cube_combiner.cpp">
      <Filter>Source Files</Filter>
    </ClCompile>
    <ClCompile Include="..\ccmain\tesseractclass.cpp">
      <Filter>Source Files</Filter>
    </ClCompile>
    <ClCompile Include="..\ccmain\tessvars.cpp">
      <Filter>Source Files</Filter>
    </ClCompile>
    <ClCompile Include="..\ccmain\tfacepp.cpp">
      <Filter>Source Files</Filter>
    </ClCompile>
    <ClCompile Include="..\ccmain\thresholder.cpp">
      <Filter>Source Files</Filter>
    </ClCompile>
    <ClCompile Include="..\ccmain\tstruct.cpp">
      <Filter>Source Files</Filter>
    </ClCompile>
    <ClCompile Include="..\ccmain\werdit.cpp">
      <Filter>Source Files</Filter>
    </ClCompile>
  </ItemGroup>
  <ItemGroup>
    <ClInclude Include="..\ccmain\charcut.h">
      <Filter>Header Files</Filter>
    </ClInclude>
    <ClInclude Include="..\ccmain\control.h">
      <Filter>Header Files</Filter>
    </ClInclude>
    <ClInclude Include="..\ccmain\cube_reco_context.h">
      <Filter>Header Files</Filter>
    </ClInclude>
    <ClInclude Include="..\ccmain\docqual.h">
      <Filter>Header Files</Filter>
    </ClInclude>
    <ClInclude Include="..\ccmain\fixspace.h">
      <Filter>Header Files</Filter>
    </ClInclude>
    <ClInclude Include="port\gettimeofday.h">
      <Filter>Header Files</Filter>
    </ClInclude>
    <ClInclude Include="..\ccmain\imgscale.h">
      <Filter>Header Files</Filter>
    </ClInclude>
    <ClInclude Include="..\ccmain\osdetect.h">
      <Filter>Header Files</Filter>
    </ClInclude>
    <ClInclude Include="..\ccmain\output.h">
      <Filter>Header Files</Filter>
    </ClInclude>
    <ClInclude Include="..\ccmain\paramsd.h">
      <Filter>Header Files</Filter>
    </ClInclude>
    <ClInclude Include="..\ccmain\pgedit.h">
      <Filter>Header Files</Filter>
    </ClInclude>
    <ClInclude Include="..\ccmain\reject.h">
      <Filter>Header Files</Filter>
    </ClInclude>
    <ClInclude Include="..\ccmain\scaleimg.h">
      <Filter>Header Files</Filter>
    </ClInclude>
    <ClInclude Include="..\ccmain\tessbox.h">
      <Filter>Header Files</Filter>
    </ClInclude>
    <ClInclude Include="..\ccmain\tessedit.h">
      <Filter>Header Files</Filter>
    </ClInclude>
    <ClInclude Include="..\ccmain\tessembedded.h">
      <Filter>Header Files</Filter>
    </ClInclude>
    <ClInclude Include="..\ccmain\tesseract_cube_combiner.h">
      <Filter>Header Files</Filter>
    </ClInclude>
    <ClInclude Include="..\ccmain\tesseractclass.h">
      <Filter>Header Files</Filter>
    </ClInclude>
    <ClInclude Include="..\ccmain\tessvars.h">
      <Filter>Header Files</Filter>
    </ClInclude>
    <ClInclude Include="..\ccmain\tfacep.h">
      <Filter>Header Files</Filter>
    </ClInclude>
    <ClInclude Include="..\ccmain\tfacepp.h">
      <Filter>Header Files</Filter>
    </ClInclude>
    <ClInclude Include="..\ccmain\thresholder.h">
      <Filter>Header Files</Filter>
    </ClInclude>
    <ClInclude Include="..\ccmain\tstruct.h">
      <Filter>Header Files</Filter>
    </ClInclude>
    <ClInclude Include="..\ccmain\werdit.h">
      <Filter>Header Files</Filter>
    </ClInclude>
  </ItemGroup>
</Project>